
Microsoft Visual Studio Solution File, Format Version 12.00
# Visual Studio Version 16
VisualStudioVersion = 16.0.29215.179
MinimumVisualStudioVersion = 10.0.40219.1
Project("{9A19103F-16F7-4668-BE54-9A1E7A4F7556}") = "classesAtributosInstancias", "classesAtributosInstancias\classesAtributosInstancias.csproj", "{42507CC0-91BB-4710-8DEE-41FEC87E681D}"
EndProject
Project("{9A19103F-16F7-4668-BE54-9A1E7A4F7556}") = "classesAtributosObjetosExemplo02", "classesAtributosObjetosExemplo02\classesAtributosObjetosExemplo02.csproj", "{1A618923-FA26-4FB0-9E06-BF7B5771178C}"
EndProject
Project("{9A19103F-16F7-4668-BE54-9A1E7A4F7556}") = "classesAtributosObjetosExemplo01", "classesAtributosObjetosExemplo01\classesAtributosObjetosExemplo01.csproj", "{8387FE07-4312-4210-BF55-2F1BF439E5F8}"
EndProject
Project("{9A19103F-16F7-4668-BE54-9A1E7A4F7556}") = "classesAtributosObjetosExemploEstoque", "classesAtributosObjetosExemploEstoque\classesAtributosObjetosExemploEstoque.csproj", "{0A8ED9AF-C47F-4ECD-BAE1-4C8EF3A6E6F6}"
EndProject
Project("{9A19103F-16F7-4668-BE54-9A1E7A4F7556}") = "classesAtributosObjetosExercicioFixacao01", "classesAtributosObjetosExercicioFixacao01\classesAtributosObjetosExercicioFixacao01.csproj", "{B3E2046F-4004-4073-8CB4-AF648E568918}"
EndProject
Project("{9A19103F-16F7-4668-BE54-9A1E7A4F7556}") = "classesAtributosObjetosExercicioFixacao02", "classesAtributosObjetosExercicioFixacao02\classesAtributosObjetosExercicioFixacao02.csproj", "{0AB1AC8E-1CAE-4548-BEDA-4229C70ECA0B}"
EndProject
Project("{9A19103F-16F7-4668-BE54-9A1E7A4F7556}") = "classesAtributosObjetosExercicioFixacao03", "classesAtributosObjetosExercicioFixacao03\classesAtributosObjetosExercicioFixacao03.csproj", "{56487E7A-7C39-4F9D-B2A8-E54CC77610D8}"
EndProject
Project("{9A19103F-16F7-4668-BE54-9A1E7A4F7556}") = "classesAtributosObjetosExercicioFixacao04", "classesAtributosObjetosExercicioFixacao04\classesAtributosObjetosExercicioFixacao04.csproj", "{720DD324-0760-4762-AACC-A5802C65D702}"
EndProject
Project("{9A19103F-16F7-4668-BE54-9A1E7A4F7556}") = "secao5ConstrutoresPalavraThisSobrecargaEncapsulamentoExercicio01", "secao5ConstrutoresPalavraThisSobrecargaEncapsulamentoExercicio01\secao5ConstrutoresPalavraThisSobrecargaEncapsulamentoExercicio01.csproj", "{2F4BF6B6-5D5D-475F-9CB3-05E887CD2681}"
EndProject
Project("{9A19103F-16F7-4668-BE54-9A1E7A4F7556}") = "secao9EnumeracoesComposicao", "secao9EnumeracoesComposicao\secao9EnumeracoesComposicao.csproj", "{DAF74053-48F2-4084-AE43-14EFC1E0A5C1}"
EndProject
Project("{9A19103F-16F7-4668-BE54-9A1E7A4F7556}") = "secao9EnumeracoesComposicaoExercico01", "secao9EnumeracoesComposicaoExercico01\secao9EnumeracoesComposicaoExercico01.csproj", "{51C9948E-F790-4195-B5A5-35ABC1462FA2}"
EndProject
Project("{9A19103F-16F7-4668-BE54-9A1E7A4F7556}") = "secao9EnumeracoesComposicaoExercico01-02", "secao9EnumeracoesComposicaoExercico01-1\secao9EnumeracoesComposicaoExercico01-02.csproj", "{29A9397F-280C-486B-A8D6-326ADAAB657E}"
EndProject
Project("{9A19103F-16F7-4668-BE54-9A1E7A4F7556}") = "secao9EnumeracoesComposicaoExercico01-04", "secao9EnumeracoesComposicaoExercico01-12\secao9EnumeracoesComposicaoExercico01-04.csproj", "{354BF3F8-556F-414D-8BB4-AEC8370EA70A}"
EndProject
Project("{9A19103F-16F7-4668-BE54-9A1E7A4F7556}") = "Seção_6ArrayListas", "Seção_6ArrayListas\Seção_6ArrayListas.csproj", "{45CB431C-1283-4A92-B7D0-864E137C7632}"
EndProject
Project("{9A19103F-16F7-4668-BE54-9A1E7A4F7556}") = "Seção_6ArrayListasExempo2", "Seção_6ArrayListasExempo2\Seção_6ArrayListasExempo2.csproj", "{976E283A-E169-48C9-A8D4-BADFDC71E976}"
EndProject
Project("{9A19103F-16F7-4668-BE54-9A1E7A4F7556}") = "Seção_6ArrayListasExercicio01", "Seção_6ArrayListasExercicio01\Seção_6ArrayListasExercicio01.csproj", "{4B266C85-C49A-461F-B792-2F5D3FFF3F01}"
EndProject
Project("{9A19103F-16F7-4668-BE54-9A1E7A4F7556}") = "Secao_6ListasExercicioFixacao", "Secao_6ListasExercicioFixacao\Secao_6ListasExercicioFixacao.csproj", "{F7963EAD-4B63-4FD5-BE1D-C5EFFD5DB55B}"
EndProject
Project("{9A19103F-16F7-4668-BE54-9A1E7A4F7556}") = "Secao_6MatrizExemplo", "Secao_6MatrizExemplo\Secao_6MatrizExemplo.csproj", "{F2977DF3-8AA2-4D82-8DA3-35AF55848DAE}"
EndProject
Project("{9A19103F-16F7-4668-BE54-9A1E7A4F7556}") = "Secao9Enumerações", "Secao9Enumerações\Secao9Enumerações.csproj", "{91879C21-4A46-420B-A3A2-BA08C90AA76A}"
EndProject
Project("{9A19103F-16F7-4668-BE54-9A1E7A4F7556}") = "secao9EnumeracoesComposicaoExercico01-03", "secao9EnumeracoesComposicaoExercico01-03\secao9EnumeracoesComposicaoExercico01-03.csproj", "{05C956C0-4A73-479E-B9A4-13223A68C95D}"
EndProject
Project("{9A19103F-16F7-4668-BE54-9A1E7A4F7556}") = "secao9StringBuilder", "secao9StringBuilder\secao9StringBuilder.csproj", "{C6FE5F6E-871E-47E9-937F-E759CE4AC3F6}"
EndProject
Project("{9A19103F-16F7-4668-BE54-9A1E7A4F7556}") = "secao9StringBuilder01", "secao9StringBuilder01\secao9StringBuilder01.csproj", "{9DE446B3-10A6-45E1-974B-60324D69D1F4}"
EndProject
Project("{FAE04EC0-301F-11D3-BF4B-00C04F79EFBC}") = "secao9StringBuilder02", "secao9StringBuilder02\secao9StringBuilder02.csproj", "{DAEAB758-7BAD-46AE-84CF-4B47D1AF79BB}"
EndProject
Project("{FAE04EC0-301F-11D3-BF4B-00C04F79EFBC}") = "secao9zExercicioFinal", "secao9zExercicioFinal\secao9zExercicioFinal.csproj", "{1277A82A-A9C0-46D5-A2AA-1E8633DE5CEA}"
EndProject
Global
	GlobalSection(SolutionConfigurationPlatforms) = preSolution
		Debug|Any CPU = Debug|Any CPU
		Debug|x64 = Debug|x64
		Debug|x86 = Debug|x86
		Release|Any CPU = Release|Any CPU
		Release|x64 = Release|x64
		Release|x86 = Release|x86
	EndGlobalSection
	GlobalSection(ProjectConfigurationPlatforms) = postSolution
		{42507CC0-91BB-4710-8DEE-41FEC87E681D}.Debug|Any CPU.ActiveCfg = Debug|Any CPU
		{42507CC0-91BB-4710-8DEE-41FEC87E681D}.Debug|Any CPU.Build.0 = Debug|Any CPU
		{42507CC0-91BB-4710-8DEE-41FEC87E681D}.Debug|x64.ActiveCfg = Debug|Any CPU
		{42507CC0-91BB-4710-8DEE-41FEC87E681D}.Debug|x64.Build.0 = Debug|Any CPU
		{42507CC0-91BB-4710-8DEE-41FEC87E681D}.Debug|x86.ActiveCfg = Debug|Any CPU
		{42507CC0-91BB-4710-8DEE-41FEC87E681D}.Debug|x86.Build.0 = Debug|Any CPU
		{42507CC0-91BB-4710-8DEE-41FEC87E681D}.Release|Any CPU.ActiveCfg = Release|Any CPU
		{42507CC0-91BB-4710-8DEE-41FEC87E681D}.Release|Any CPU.Build.0 = Release|Any CPU
		{42507CC0-91BB-4710-8DEE-41FEC87E681D}.Release|x64.ActiveCfg = Release|Any CPU
		{42507CC0-91BB-4710-8DEE-41FEC87E681D}.Release|x64.Build.0 = Release|Any CPU
		{42507CC0-91BB-4710-8DEE-41FEC87E681D}.Release|x86.ActiveCfg = Release|Any CPU
		{42507CC0-91BB-4710-8DEE-41FEC87E681D}.Release|x86.Build.0 = Release|Any CPU
		{1A618923-FA26-4FB0-9E06-BF7B5771178C}.Debug|Any CPU.ActiveCfg = Debug|Any CPU
		{1A618923-FA26-4FB0-9E06-BF7B5771178C}.Debug|Any CPU.Build.0 = Debug|Any CPU
		{1A618923-FA26-4FB0-9E06-BF7B5771178C}.Debug|x64.ActiveCfg = Debug|Any CPU
		{1A618923-FA26-4FB0-9E06-BF7B5771178C}.Debug|x64.Build.0 = Debug|Any CPU
		{1A618923-FA26-4FB0-9E06-BF7B5771178C}.Debug|x86.ActiveCfg = Debug|Any CPU
		{1A618923-FA26-4FB0-9E06-BF7B5771178C}.Debug|x86.Build.0 = Debug|Any CPU
		{1A618923-FA26-4FB0-9E06-BF7B5771178C}.Release|Any CPU.ActiveCfg = Release|Any CPU
		{1A618923-FA26-4FB0-9E06-BF7B5771178C}.Release|Any CPU.Build.0 = Release|Any CPU
		{1A618923-FA26-4FB0-9E06-BF7B5771178C}.Release|x64.ActiveCfg = Release|Any CPU
		{1A618923-FA26-4FB0-9E06-BF7B5771178C}.Release|x64.Build.0 = Release|Any CPU
		{1A618923-FA26-4FB0-9E06-BF7B5771178C}.Release|x86.ActiveCfg = Release|Any CPU
		{1A618923-FA26-4FB0-9E06-BF7B5771178C}.Release|x86.Build.0 = Release|Any CPU
		{8387FE07-4312-4210-BF55-2F1BF439E5F8}.Debug|Any CPU.ActiveCfg = Debug|Any CPU
		{8387FE07-4312-4210-BF55-2F1BF439E5F8}.Debug|Any CPU.Build.0 = Debug|Any CPU
		{8387FE07-4312-4210-BF55-2F1BF439E5F8}.Debug|x64.ActiveCfg = Debug|Any CPU
		{8387FE07-4312-4210-BF55-2F1BF439E5F8}.Debug|x64.Build.0 = Debug|Any CPU
		{8387FE07-4312-4210-BF55-2F1BF439E5F8}.Debug|x86.ActiveCfg = Debug|Any CPU
		{8387FE07-4312-4210-BF55-2F1BF439E5F8}.Debug|x86.Build.0 = Debug|Any CPU
		{8387FE07-4312-4210-BF55-2F1BF439E5F8}.Release|Any CPU.ActiveCfg = Release|Any CPU
		{8387FE07-4312-4210-BF55-2F1BF439E5F8}.Release|Any CPU.Build.0 = Release|Any CPU
		{8387FE07-4312-4210-BF55-2F1BF439E5F8}.Release|x64.ActiveCfg = Release|Any CPU
		{8387FE07-4312-4210-BF55-2F1BF439E5F8}.Release|x64.Build.0 = Release|Any CPU
		{8387FE07-4312-4210-BF55-2F1BF439E5F8}.Release|x86.ActiveCfg = Release|Any CPU
		{8387FE07-4312-4210-BF55-2F1BF439E5F8}.Release|x86.Build.0 = Release|Any CPU
		{0A8ED9AF-C47F-4ECD-BAE1-4C8EF3A6E6F6}.Debug|Any CPU.ActiveCfg = Debug|Any CPU
		{0A8ED9AF-C47F-4ECD-BAE1-4C8EF3A6E6F6}.Debug|Any CPU.Build.0 = Debug|Any CPU
		{0A8ED9AF-C47F-4ECD-BAE1-4C8EF3A6E6F6}.Debug|x64.ActiveCfg = Debug|Any CPU
		{0A8ED9AF-C47F-4ECD-BAE1-4C8EF3A6E6F6}.Debug|x64.Build.0 = Debug|Any CPU
		{0A8ED9AF-C47F-4ECD-BAE1-4C8EF3A6E6F6}.Debug|x86.ActiveCfg = Debug|Any CPU
		{0A8ED9AF-C47F-4ECD-BAE1-4C8EF3A6E6F6}.Debug|x86.Build.0 = Debug|Any CPU
		{0A8ED9AF-C47F-4ECD-BAE1-4C8EF3A6E6F6}.Release|Any CPU.ActiveCfg = Release|Any CPU
		{0A8ED9AF-C47F-4ECD-BAE1-4C8EF3A6E6F6}.Release|Any CPU.Build.0 = Release|Any CPU
		{0A8ED9AF-C47F-4ECD-BAE1-4C8EF3A6E6F6}.Release|x64.ActiveCfg = Release|Any CPU
		{0A8ED9AF-C47F-4ECD-BAE1-4C8EF3A6E6F6}.Release|x64.Build.0 = Release|Any CPU
		{0A8ED9AF-C47F-4ECD-BAE1-4C8EF3A6E6F6}.Release|x86.ActiveCfg = Release|Any CPU
		{0A8ED9AF-C47F-4ECD-BAE1-4C8EF3A6E6F6}.Release|x86.Build.0 = Release|Any CPU
		{B3E2046F-4004-4073-8CB4-AF648E568918}.Debug|Any CPU.ActiveCfg = Debug|Any CPU
		{B3E2046F-4004-4073-8CB4-AF648E568918}.Debug|Any CPU.Build.0 = Debug|Any CPU
		{B3E2046F-4004-4073-8CB4-AF648E568918}.Debug|x64.ActiveCfg = Debug|Any CPU
		{B3E2046F-4004-4073-8CB4-AF648E568918}.Debug|x64.Build.0 = Debug|Any CPU
		{B3E2046F-4004-4073-8CB4-AF648E568918}.Debug|x86.ActiveCfg = Debug|Any CPU
		{B3E2046F-4004-4073-8CB4-AF648E568918}.Debug|x86.Build.0 = Debug|Any CPU
		{B3E2046F-4004-4073-8CB4-AF648E568918}.Release|Any CPU.ActiveCfg = Release|Any CPU
		{B3E2046F-4004-4073-8CB4-AF648E568918}.Release|Any CPU.Build.0 = Release|Any CPU
		{B3E2046F-4004-4073-8CB4-AF648E568918}.Release|x64.ActiveCfg = Release|Any CPU
		{B3E2046F-4004-4073-8CB4-AF648E568918}.Release|x64.Build.0 = Release|Any CPU
		{B3E2046F-4004-4073-8CB4-AF648E568918}.Release|x86.ActiveCfg = Release|Any CPU
		{B3E2046F-4004-4073-8CB4-AF648E568918}.Release|x86.Build.0 = Release|Any CPU
		{0AB1AC8E-1CAE-4548-BEDA-4229C70ECA0B}.Debug|Any CPU.ActiveCfg = Debug|Any CPU
		{0AB1AC8E-1CAE-4548-BEDA-4229C70ECA0B}.Debug|Any CPU.Build.0 = Debug|Any CPU
		{0AB1AC8E-1CAE-4548-BEDA-4229C70ECA0B}.Debug|x64.ActiveCfg = Debug|Any CPU
		{0AB1AC8E-1CAE-4548-BEDA-4229C70ECA0B}.Debug|x64.Build.0 = Debug|Any CPU
		{0AB1AC8E-1CAE-4548-BEDA-4229C70ECA0B}.Debug|x86.ActiveCfg = Debug|Any CPU
		{0AB1AC8E-1CAE-4548-BEDA-4229C70ECA0B}.Debug|x86.Build.0 = Debug|Any CPU
		{0AB1AC8E-1CAE-4548-BEDA-4229C70ECA0B}.Release|Any CPU.ActiveCfg = Release|Any CPU
		{0AB1AC8E-1CAE-4548-BEDA-4229C70ECA0B}.Release|Any CPU.Build.0 = Release|Any CPU
		{0AB1AC8E-1CAE-4548-BEDA-4229C70ECA0B}.Release|x64.ActiveCfg = Release|Any CPU
		{0AB1AC8E-1CAE-4548-BEDA-4229C70ECA0B}.Release|x64.Build.0 = Release|Any CPU
		{0AB1AC8E-1CAE-4548-BEDA-4229C70ECA0B}.Release|x86.ActiveCfg = Release|Any CPU
		{0AB1AC8E-1CAE-4548-BEDA-4229C70ECA0B}.Release|x86.Build.0 = Release|Any CPU
		{56487E7A-7C39-4F9D-B2A8-E54CC77610D8}.Debug|Any CPU.ActiveCfg = Debug|Any CPU
		{56487E7A-7C39-4F9D-B2A8-E54CC77610D8}.Debug|Any CPU.Build.0 = Debug|Any CPU
		{56487E7A-7C39-4F9D-B2A8-E54CC77610D8}.Debug|x64.ActiveCfg = Debug|Any CPU
		{56487E7A-7C39-4F9D-B2A8-E54CC77610D8}.Debug|x64.Build.0 = Debug|Any CPU
		{56487E7A-7C39-4F9D-B2A8-E54CC77610D8}.Debug|x86.ActiveCfg = Debug|Any CPU
		{56487E7A-7C39-4F9D-B2A8-E54CC77610D8}.Debug|x86.Build.0 = Debug|Any CPU
		{56487E7A-7C39-4F9D-B2A8-E54CC77610D8}.Release|Any CPU.ActiveCfg = Release|Any CPU
		{56487E7A-7C39-4F9D-B2A8-E54CC77610D8}.Release|Any CPU.Build.0 = Release|Any CPU
		{56487E7A-7C39-4F9D-B2A8-E54CC77610D8}.Release|x64.ActiveCfg = Release|Any CPU
		{56487E7A-7C39-4F9D-B2A8-E54CC77610D8}.Release|x64.Build.0 = Release|Any CPU
		{56487E7A-7C39-4F9D-B2A8-E54CC77610D8}.Release|x86.ActiveCfg = Release|Any CPU
		{56487E7A-7C39-4F9D-B2A8-E54CC77610D8}.Release|x86.Build.0 = Release|Any CPU
		{720DD324-0760-4762-AACC-A5802C65D702}.Debug|Any CPU.ActiveCfg = Debug|Any CPU
		{720DD324-0760-4762-AACC-A5802C65D702}.Debug|Any CPU.Build.0 = Debug|Any CPU
		{720DD324-0760-4762-AACC-A5802C65D702}.Debug|x64.ActiveCfg = Debug|Any CPU
		{720DD324-0760-4762-AACC-A5802C65D702}.Debug|x64.Build.0 = Debug|Any CPU
		{720DD324-0760-4762-AACC-A5802C65D702}.Debug|x86.ActiveCfg = Debug|Any CPU
		{720DD324-0760-4762-AACC-A5802C65D702}.Debug|x86.Build.0 = Debug|Any CPU
		{720DD324-0760-4762-AACC-A5802C65D702}.Release|Any CPU.ActiveCfg = Release|Any CPU
		{720DD324-0760-4762-AACC-A5802C65D702}.Release|Any CPU.Build.0 = Release|Any CPU
		{720DD324-0760-4762-AACC-A5802C65D702}.Release|x64.ActiveCfg = Release|Any CPU
		{720DD324-0760-4762-AACC-A5802C65D702}.Release|x64.Build.0 = Release|Any CPU
		{720DD324-0760-4762-AACC-A5802C65D702}.Release|x86.ActiveCfg = Release|Any CPU
		{720DD324-0760-4762-AACC-A5802C65D702}.Release|x86.Build.0 = Release|Any CPU
		{2F4BF6B6-5D5D-475F-9CB3-05E887CD2681}.Debug|Any CPU.ActiveCfg = Debug|Any CPU
		{2F4BF6B6-5D5D-475F-9CB3-05E887CD2681}.Debug|Any CPU.Build.0 = Debug|Any CPU
		{2F4BF6B6-5D5D-475F-9CB3-05E887CD2681}.Debug|x64.ActiveCfg = Debug|Any CPU
		{2F4BF6B6-5D5D-475F-9CB3-05E887CD2681}.Debug|x64.Build.0 = Debug|Any CPU
		{2F4BF6B6-5D5D-475F-9CB3-05E887CD2681}.Debug|x86.ActiveCfg = Debug|Any CPU
		{2F4BF6B6-5D5D-475F-9CB3-05E887CD2681}.Debug|x86.Build.0 = Debug|Any CPU
		{2F4BF6B6-5D5D-475F-9CB3-05E887CD2681}.Release|Any CPU.ActiveCfg = Release|Any CPU
		{2F4BF6B6-5D5D-475F-9CB3-05E887CD2681}.Release|Any CPU.Build.0 = Release|Any CPU
		{2F4BF6B6-5D5D-475F-9CB3-05E887CD2681}.Release|x64.ActiveCfg = Release|Any CPU
		{2F4BF6B6-5D5D-475F-9CB3-05E887CD2681}.Release|x64.Build.0 = Release|Any CPU
		{2F4BF6B6-5D5D-475F-9CB3-05E887CD2681}.Release|x86.ActiveCfg = Release|Any CPU
		{2F4BF6B6-5D5D-475F-9CB3-05E887CD2681}.Release|x86.Build.0 = Release|Any CPU
		{DAF74053-48F2-4084-AE43-14EFC1E0A5C1}.Debug|Any CPU.ActiveCfg = Debug|Any CPU
		{DAF74053-48F2-4084-AE43-14EFC1E0A5C1}.Debug|Any CPU.Build.0 = Debug|Any CPU
		{DAF74053-48F2-4084-AE43-14EFC1E0A5C1}.Debug|x64.ActiveCfg = Debug|Any CPU
		{DAF74053-48F2-4084-AE43-14EFC1E0A5C1}.Debug|x64.Build.0 = Debug|Any CPU
		{DAF74053-48F2-4084-AE43-14EFC1E0A5C1}.Debug|x86.ActiveCfg = Debug|Any CPU
		{DAF74053-48F2-4084-AE43-14EFC1E0A5C1}.Debug|x86.Build.0 = Debug|Any CPU
		{DAF74053-48F2-4084-AE43-14EFC1E0A5C1}.Release|Any CPU.ActiveCfg = Release|Any CPU
		{DAF74053-48F2-4084-AE43-14EFC1E0A5C1}.Release|Any CPU.Build.0 = Release|Any CPU
		{DAF74053-48F2-4084-AE43-14EFC1E0A5C1}.Release|x64.ActiveCfg = Release|Any CPU
		{DAF74053-48F2-4084-AE43-14EFC1E0A5C1}.Release|x64.Build.0 = Release|Any CPU
		{DAF74053-48F2-4084-AE43-14EFC1E0A5C1}.Release|x86.ActiveCfg = Release|Any CPU
		{DAF74053-48F2-4084-AE43-14EFC1E0A5C1}.Release|x86.Build.0 = Release|Any CPU
		{51C9948E-F790-4195-B5A5-35ABC1462FA2}.Debug|Any CPU.ActiveCfg = Debug|Any CPU
		{51C9948E-F790-4195-B5A5-35ABC1462FA2}.Debug|Any CPU.Build.0 = Debug|Any CPU
		{51C9948E-F790-4195-B5A5-35ABC1462FA2}.Debug|x64.ActiveCfg = Debug|Any CPU
		{51C9948E-F790-4195-B5A5-35ABC1462FA2}.Debug|x64.Build.0 = Debug|Any CPU
		{51C9948E-F790-4195-B5A5-35ABC1462FA2}.Debug|x86.ActiveCfg = Debug|Any CPU
		{51C9948E-F790-4195-B5A5-35ABC1462FA2}.Debug|x86.Build.0 = Debug|Any CPU
		{51C9948E-F790-4195-B5A5-35ABC1462FA2}.Release|Any CPU.ActiveCfg = Release|Any CPU
		{51C9948E-F790-4195-B5A5-35ABC1462FA2}.Release|Any CPU.Build.0 = Release|Any CPU
		{51C9948E-F790-4195-B5A5-35ABC1462FA2}.Release|x64.ActiveCfg = Release|Any CPU
		{51C9948E-F790-4195-B5A5-35ABC1462FA2}.Release|x64.Build.0 = Release|Any CPU
		{51C9948E-F790-4195-B5A5-35ABC1462FA2}.Release|x86.ActiveCfg = Release|Any CPU
		{51C9948E-F790-4195-B5A5-35ABC1462FA2}.Release|x86.Build.0 = Release|Any CPU
		{29A9397F-280C-486B-A8D6-326ADAAB657E}.Debug|Any CPU.ActiveCfg = Debug|Any CPU
		{29A9397F-280C-486B-A8D6-326ADAAB657E}.Debug|Any CPU.Build.0 = Debug|Any CPU
		{29A9397F-280C-486B-A8D6-326ADAAB657E}.Debug|x64.ActiveCfg = Debug|Any CPU
		{29A9397F-280C-486B-A8D6-326ADAAB657E}.Debug|x64.Build.0 = Debug|Any CPU
		{29A9397F-280C-486B-A8D6-326ADAAB657E}.Debug|x86.ActiveCfg = Debug|Any CPU
		{29A9397F-280C-486B-A8D6-326ADAAB657E}.Debug|x86.Build.0 = Debug|Any CPU
		{29A9397F-280C-486B-A8D6-326ADAAB657E}.Release|Any CPU.ActiveCfg = Release|Any CPU
		{29A9397F-280C-486B-A8D6-326ADAAB657E}.Release|Any CPU.Build.0 = Release|Any CPU
		{29A9397F-280C-486B-A8D6-326ADAAB657E}.Release|x64.ActiveCfg = Release|Any CPU
		{29A9397F-280C-486B-A8D6-326ADAAB657E}.Release|x64.Build.0 = Release|Any CPU
		{29A9397F-280C-486B-A8D6-326ADAAB657E}.Release|x86.ActiveCfg = Release|Any CPU
		{29A9397F-280C-486B-A8D6-326ADAAB657E}.Release|x86.Build.0 = Release|Any CPU
		{354BF3F8-556F-414D-8BB4-AEC8370EA70A}.Debug|Any CPU.ActiveCfg = Debug|Any CPU
		{354BF3F8-556F-414D-8BB4-AEC8370EA70A}.Debug|Any CPU.Build.0 = Debug|Any CPU
		{354BF3F8-556F-414D-8BB4-AEC8370EA70A}.Debug|x64.ActiveCfg = Debug|Any CPU
		{354BF3F8-556F-414D-8BB4-AEC8370EA70A}.Debug|x64.Build.0 = Debug|Any CPU
		{354BF3F8-556F-414D-8BB4-AEC8370EA70A}.Debug|x86.ActiveCfg = Debug|Any CPU
		{354BF3F8-556F-414D-8BB4-AEC8370EA70A}.Debug|x86.Build.0 = Debug|Any CPU
		{354BF3F8-556F-414D-8BB4-AEC8370EA70A}.Release|Any CPU.ActiveCfg = Release|Any CPU
		{354BF3F8-556F-414D-8BB4-AEC8370EA70A}.Release|Any CPU.Build.0 = Release|Any CPU
		{354BF3F8-556F-414D-8BB4-AEC8370EA70A}.Release|x64.ActiveCfg = Release|Any CPU
		{354BF3F8-556F-414D-8BB4-AEC8370EA70A}.Release|x64.Build.0 = Release|Any CPU
		{354BF3F8-556F-414D-8BB4-AEC8370EA70A}.Release|x86.ActiveCfg = Release|Any CPU
		{354BF3F8-556F-414D-8BB4-AEC8370EA70A}.Release|x86.Build.0 = Release|Any CPU
		{45CB431C-1283-4A92-B7D0-864E137C7632}.Debug|Any CPU.ActiveCfg = Debug|Any CPU
		{45CB431C-1283-4A92-B7D0-864E137C7632}.Debug|Any CPU.Build.0 = Debug|Any CPU
		{45CB431C-1283-4A92-B7D0-864E137C7632}.Debug|x64.ActiveCfg = Debug|Any CPU
		{45CB431C-1283-4A92-B7D0-864E137C7632}.Debug|x64.Build.0 = Debug|Any CPU
		{45CB431C-1283-4A92-B7D0-864E137C7632}.Debug|x86.ActiveCfg = Debug|Any CPU
		{45CB431C-1283-4A92-B7D0-864E137C7632}.Debug|x86.Build.0 = Debug|Any CPU
		{45CB431C-1283-4A92-B7D0-864E137C7632}.Release|Any CPU.ActiveCfg = Release|Any CPU
		{45CB431C-1283-4A92-B7D0-864E137C7632}.Release|Any CPU.Build.0 = Release|Any CPU
		{45CB431C-1283-4A92-B7D0-864E137C7632}.Release|x64.ActiveCfg = Release|Any CPU
		{45CB431C-1283-4A92-B7D0-864E137C7632}.Release|x64.Build.0 = Release|Any CPU
		{45CB431C-1283-4A92-B7D0-864E137C7632}.Release|x86.ActiveCfg = Release|Any CPU
		{45CB431C-1283-4A92-B7D0-864E137C7632}.Release|x86.Build.0 = Release|Any CPU
		{976E283A-E169-48C9-A8D4-BADFDC71E976}.Debug|Any CPU.ActiveCfg = Debug|Any CPU
		{976E283A-E169-48C9-A8D4-BADFDC71E976}.Debug|Any CPU.Build.0 = Debug|Any CPU
		{976E283A-E169-48C9-A8D4-BADFDC71E976}.Debug|x64.ActiveCfg = Debug|Any CPU
		{976E283A-E169-48C9-A8D4-BADFDC71E976}.Debug|x64.Build.0 = Debug|Any CPU
		{976E283A-E169-48C9-A8D4-BADFDC71E976}.Debug|x86.ActiveCfg = Debug|Any CPU
		{976E283A-E169-48C9-A8D4-BADFDC71E976}.Debug|x86.Build.0 = Debug|Any CPU
		{976E283A-E169-48C9-A8D4-BADFDC71E976}.Release|Any CPU.ActiveCfg = Release|Any CPU
		{976E283A-E169-48C9-A8D4-BADFDC71E976}.Release|Any CPU.Build.0 = Release|Any CPU
		{976E283A-E169-48C9-A8D4-BADFDC71E976}.Release|x64.ActiveCfg = Release|Any CPU
		{976E283A-E169-48C9-A8D4-BADFDC71E976}.Release|x64.Build.0 = Release|Any CPU
		{976E283A-E169-48C9-A8D4-BADFDC71E976}.Release|x86.ActiveCfg = Release|Any CPU
		{976E283A-E169-48C9-A8D4-BADFDC71E976}.Release|x86.Build.0 = Release|Any CPU
		{4B266C85-C49A-461F-B792-2F5D3FFF3F01}.Debug|Any CPU.ActiveCfg = Debug|Any CPU
		{4B266C85-C49A-461F-B792-2F5D3FFF3F01}.Debug|Any CPU.Build.0 = Debug|Any CPU
		{4B266C85-C49A-461F-B792-2F5D3FFF3F01}.Debug|x64.ActiveCfg = Debug|Any CPU
		{4B266C85-C49A-461F-B792-2F5D3FFF3F01}.Debug|x64.Build.0 = Debug|Any CPU
		{4B266C85-C49A-461F-B792-2F5D3FFF3F01}.Debug|x86.ActiveCfg = Debug|Any CPU
		{4B266C85-C49A-461F-B792-2F5D3FFF3F01}.Debug|x86.Build.0 = Debug|Any CPU
		{4B266C85-C49A-461F-B792-2F5D3FFF3F01}.Release|Any CPU.ActiveCfg = Release|Any CPU
		{4B266C85-C49A-461F-B792-2F5D3FFF3F01}.Release|Any CPU.Build.0 = Release|Any CPU
		{4B266C85-C49A-461F-B792-2F5D3FFF3F01}.Release|x64.ActiveCfg = Release|Any CPU
		{4B266C85-C49A-461F-B792-2F5D3FFF3F01}.Release|x64.Build.0 = Release|Any CPU
		{4B266C85-C49A-461F-B792-2F5D3FFF3F01}.Release|x86.ActiveCfg = Release|Any CPU
		{4B266C85-C49A-461F-B792-2F5D3FFF3F01}.Release|x86.Build.0 = Release|Any CPU
		{F7963EAD-4B63-4FD5-BE1D-C5EFFD5DB55B}.Debug|Any CPU.ActiveCfg = Debug|Any CPU
		{F7963EAD-4B63-4FD5-BE1D-C5EFFD5DB55B}.Debug|Any CPU.Build.0 = Debug|Any CPU
		{F7963EAD-4B63-4FD5-BE1D-C5EFFD5DB55B}.Debug|x64.ActiveCfg = Debug|Any CPU
		{F7963EAD-4B63-4FD5-BE1D-C5EFFD5DB55B}.Debug|x64.Build.0 = Debug|Any CPU
		{F7963EAD-4B63-4FD5-BE1D-C5EFFD5DB55B}.Debug|x86.ActiveCfg = Debug|Any CPU
		{F7963EAD-4B63-4FD5-BE1D-C5EFFD5DB55B}.Debug|x86.Build.0 = Debug|Any CPU
		{F7963EAD-4B63-4FD5-BE1D-C5EFFD5DB55B}.Release|Any CPU.ActiveCfg = Release|Any CPU
		{F7963EAD-4B63-4FD5-BE1D-C5EFFD5DB55B}.Release|Any CPU.Build.0 = Release|Any CPU
		{F7963EAD-4B63-4FD5-BE1D-C5EFFD5DB55B}.Release|x64.ActiveCfg = Release|Any CPU
		{F7963EAD-4B63-4FD5-BE1D-C5EFFD5DB55B}.Release|x64.Build.0 = Release|Any CPU
		{F7963EAD-4B63-4FD5-BE1D-C5EFFD5DB55B}.Release|x86.ActiveCfg = Release|Any CPU
		{F7963EAD-4B63-4FD5-BE1D-C5EFFD5DB55B}.Release|x86.Build.0 = Release|Any CPU
		{F2977DF3-8AA2-4D82-8DA3-35AF55848DAE}.Debug|Any CPU.ActiveCfg = Debug|Any CPU
		{F2977DF3-8AA2-4D82-8DA3-35AF55848DAE}.Debug|Any CPU.Build.0 = Debug|Any CPU
		{F2977DF3-8AA2-4D82-8DA3-35AF55848DAE}.Debug|x64.ActiveCfg = Debug|Any CPU
		{F2977DF3-8AA2-4D82-8DA3-35AF55848DAE}.Debug|x64.Build.0 = Debug|Any CPU
		{F2977DF3-8AA2-4D82-8DA3-35AF55848DAE}.Debug|x86.ActiveCfg = Debug|Any CPU
		{F2977DF3-8AA2-4D82-8DA3-35AF55848DAE}.Debug|x86.Build.0 = Debug|Any CPU
		{F2977DF3-8AA2-4D82-8DA3-35AF55848DAE}.Release|Any CPU.ActiveCfg = Release|Any CPU
		{F2977DF3-8AA2-4D82-8DA3-35AF55848DAE}.Release|Any CPU.Build.0 = Release|Any CPU
		{F2977DF3-8AA2-4D82-8DA3-35AF55848DAE}.Release|x64.ActiveCfg = Release|Any CPU
		{F2977DF3-8AA2-4D82-8DA3-35AF55848DAE}.Release|x64.Build.0 = Release|Any CPU
		{F2977DF3-8AA2-4D82-8DA3-35AF55848DAE}.Release|x86.ActiveCfg = Release|Any CPU
		{F2977DF3-8AA2-4D82-8DA3-35AF55848DAE}.Release|x86.Build.0 = Release|Any CPU
		{91879C21-4A46-420B-A3A2-BA08C90AA76A}.Debug|Any CPU.ActiveCfg = Debug|Any CPU
		{91879C21-4A46-420B-A3A2-BA08C90AA76A}.Debug|Any CPU.Build.0 = Debug|Any CPU
		{91879C21-4A46-420B-A3A2-BA08C90AA76A}.Debug|x64.ActiveCfg = Debug|Any CPU
		{91879C21-4A46-420B-A3A2-BA08C90AA76A}.Debug|x64.Build.0 = Debug|Any CPU
		{91879C21-4A46-420B-A3A2-BA08C90AA76A}.Debug|x86.ActiveCfg = Debug|Any CPU
		{91879C21-4A46-420B-A3A2-BA08C90AA76A}.Debug|x86.Build.0 = Debug|Any CPU
		{91879C21-4A46-420B-A3A2-BA08C90AA76A}.Release|Any CPU.ActiveCfg = Release|Any CPU
		{91879C21-4A46-420B-A3A2-BA08C90AA76A}.Release|Any CPU.Build.0 = Release|Any CPU
		{91879C21-4A46-420B-A3A2-BA08C90AA76A}.Release|x64.ActiveCfg = Release|Any CPU
		{91879C21-4A46-420B-A3A2-BA08C90AA76A}.Release|x64.Build.0 = Release|Any CPU
		{91879C21-4A46-420B-A3A2-BA08C90AA76A}.Release|x86.ActiveCfg = Release|Any CPU
		{91879C21-4A46-420B-A3A2-BA08C90AA76A}.Release|x86.Build.0 = Release|Any CPU
		{05C956C0-4A73-479E-B9A4-13223A68C95D}.Debug|Any CPU.ActiveCfg = Debug|Any CPU
		{05C956C0-4A73-479E-B9A4-13223A68C95D}.Debug|Any CPU.Build.0 = Debug|Any CPU
		{05C956C0-4A73-479E-B9A4-13223A68C95D}.Debug|x64.ActiveCfg = Debug|Any CPU
		{05C956C0-4A73-479E-B9A4-13223A68C95D}.Debug|x64.Build.0 = Debug|Any CPU
		{05C956C0-4A73-479E-B9A4-13223A68C95D}.Debug|x86.ActiveCfg = Debug|Any CPU
		{05C956C0-4A73-479E-B9A4-13223A68C95D}.Debug|x86.Build.0 = Debug|Any CPU
		{05C956C0-4A73-479E-B9A4-13223A68C95D}.Release|Any CPU.ActiveCfg = Release|Any CPU
		{05C956C0-4A73-479E-B9A4-13223A68C95D}.Release|Any CPU.Build.0 = Release|Any CPU
		{05C956C0-4A73-479E-B9A4-13223A68C95D}.Release|x64.ActiveCfg = Release|Any CPU
		{05C956C0-4A73-479E-B9A4-13223A68C95D}.Release|x64.Build.0 = Release|Any CPU
		{05C956C0-4A73-479E-B9A4-13223A68C95D}.Release|x86.ActiveCfg = Release|Any CPU
		{05C956C0-4A73-479E-B9A4-13223A68C95D}.Release|x86.Build.0 = Release|Any CPU
		{C6FE5F6E-871E-47E9-937F-E759CE4AC3F6}.Debug|Any CPU.ActiveCfg = Debug|Any CPU
		{C6FE5F6E-871E-47E9-937F-E759CE4AC3F6}.Debug|Any CPU.Build.0 = Debug|Any CPU
		{C6FE5F6E-871E-47E9-937F-E759CE4AC3F6}.Debug|x64.ActiveCfg = Debug|Any CPU
		{C6FE5F6E-871E-47E9-937F-E759CE4AC3F6}.Debug|x64.Build.0 = Debug|Any CPU
		{C6FE5F6E-871E-47E9-937F-E759CE4AC3F6}.Debug|x86.ActiveCfg = Debug|Any CPU
		{C6FE5F6E-871E-47E9-937F-E759CE4AC3F6}.Debug|x86.Build.0 = Debug|Any CPU
		{C6FE5F6E-871E-47E9-937F-E759CE4AC3F6}.Release|Any CPU.ActiveCfg = Release|Any CPU
		{C6FE5F6E-871E-47E9-937F-E759CE4AC3F6}.Release|Any CPU.Build.0 = Release|Any CPU
		{C6FE5F6E-871E-47E9-937F-E759CE4AC3F6}.Release|x64.ActiveCfg = Release|Any CPU
		{C6FE5F6E-871E-47E9-937F-E759CE4AC3F6}.Release|x64.Build.0 = Release|Any CPU
		{C6FE5F6E-871E-47E9-937F-E759CE4AC3F6}.Release|x86.ActiveCfg = Release|Any CPU
		{C6FE5F6E-871E-47E9-937F-E759CE4AC3F6}.Release|x86.Build.0 = Release|Any CPU
		{9DE446B3-10A6-45E1-974B-60324D69D1F4}.Debug|Any CPU.ActiveCfg = Debug|Any CPU
		{9DE446B3-10A6-45E1-974B-60324D69D1F4}.Debug|Any CPU.Build.0 = Debug|Any CPU
		{9DE446B3-10A6-45E1-974B-60324D69D1F4}.Debug|x64.ActiveCfg = Debug|Any CPU
		{9DE446B3-10A6-45E1-974B-60324D69D1F4}.Debug|x64.Build.0 = Debug|Any CPU
		{9DE446B3-10A6-45E1-974B-60324D69D1F4}.Debug|x86.ActiveCfg = Debug|Any CPU
		{9DE446B3-10A6-45E1-974B-60324D69D1F4}.Debug|x86.Build.0 = Debug|Any CPU
		{9DE446B3-10A6-45E1-974B-60324D69D1F4}.Release|Any CPU.ActiveCfg = Release|Any CPU
		{9DE446B3-10A6-45E1-974B-60324D69D1F4}.Release|Any CPU.Build.0 = Release|Any CPU
		{9DE446B3-10A6-45E1-974B-60324D69D1F4}.Release|x64.ActiveCfg = Release|Any CPU
		{9DE446B3-10A6-45E1-974B-60324D69D1F4}.Release|x64.Build.0 = Release|Any CPU
		{9DE446B3-10A6-45E1-974B-60324D69D1F4}.Release|x86.ActiveCfg = Release|Any CPU
		{9DE446B3-10A6-45E1-974B-60324D69D1F4}.Release|x86.Build.0 = Release|Any CPU
		{DAEAB758-7BAD-46AE-84CF-4B47D1AF79BB}.Debug|Any CPU.ActiveCfg = Debug|Any CPU
		{DAEAB758-7BAD-46AE-84CF-4B47D1AF79BB}.Debug|Any CPU.Build.0 = Debug|Any CPU
		{DAEAB758-7BAD-46AE-84CF-4B47D1AF79BB}.Debug|x64.ActiveCfg = Debug|Any CPU
		{DAEAB758-7BAD-46AE-84CF-4B47D1AF79BB}.Debug|x64.Build.0 = Debug|Any CPU
		{DAEAB758-7BAD-46AE-84CF-4B47D1AF79BB}.Debug|x86.ActiveCfg = Debug|Any CPU
		{DAEAB758-7BAD-46AE-84CF-4B47D1AF79BB}.Debug|x86.Build.0 = Debug|Any CPU
		{DAEAB758-7BAD-46AE-84CF-4B47D1AF79BB}.Release|Any CPU.ActiveCfg = Release|Any CPU
		{DAEAB758-7BAD-46AE-84CF-4B47D1AF79BB}.Release|Any CPU.Build.0 = Release|Any CPU
		{DAEAB758-7BAD-46AE-84CF-4B47D1AF79BB}.Release|x64.ActiveCfg = Release|Any CPU
		{DAEAB758-7BAD-46AE-84CF-4B47D1AF79BB}.Release|x64.Build.0 = Release|Any CPU
		{DAEAB758-7BAD-46AE-84CF-4B47D1AF79BB}.Release|x86.ActiveCfg = Release|Any CPU
		{DAEAB758-7BAD-46AE-84CF-4B47D1AF79BB}.Release|x86.Build.0 = Release|Any CPU
		{1277A82A-A9C0-46D5-A2AA-1E8633DE5CEA}.Debug|Any CPU.ActiveCfg = Debug|Any CPU
		{1277A82A-A9C0-46D5-A2AA-1E8633DE5CEA}.Debug|Any CPU.Build.0 = Debug|Any CPU
		{1277A82A-A9C0-46D5-A2AA-1E8633DE5CEA}.Debug|x64.ActiveCfg = Debug|Any CPU
		{1277A82A-A9C0-46D5-A2AA-1E8633DE5CEA}.Debug|x64.Build.0 = Debug|Any CPU
		{1277A82A-A9C0-46D5-A2AA-1E8633DE5CEA}.Debug|x86.ActiveCfg = Debug|Any CPU
		{1277A82A-A9C0-46D5-A2AA-1E8633DE5CEA}.Debug|x86.Build.0 = Debug|Any CPU
		{1277A82A-A9C0-46D5-A2AA-1E8633DE5CEA}.Release|Any CPU.ActiveCfg = Release|Any CPU
		{1277A82A-A9C0-46D5-A2AA-1E8633DE5CEA}.Release|Any CPU.Build.0 = Release|Any CPU
		{1277A82A-A9C0-46D5-A2AA-1E8633DE5CEA}.Release|x64.ActiveCfg = Release|Any CPU
		{1277A82A-A9C0-46D5-A2AA-1E8633DE5CEA}.Release|x64.Build.0 = Release|Any CPU
		{1277A82A-A9C0-46D5-A2AA-1E8633DE5CEA}.Release|x86.ActiveCfg = Release|Any CPU
		{1277A82A-A9C0-46D5-A2AA-1E8633DE5CEA}.Release|x86.Build.0 = Release|Any CPU
	EndGlobalSection
	GlobalSection(SolutionProperties) = preSolution
		HideSolutionNode = FALSE
	EndGlobalSection
	GlobalSection(ExtensibilityGlobals) = postSolution
		SolutionGuid = {FF575FAA-5F75-4AA3-A44F-25C423C59396}
	EndGlobalSection
EndGlobal
