
Microsoft Visual Studio Solution File, Format Version 12.00
# Visual Studio Version 16
VisualStudioVersion = 16.0.29215.179
MinimumVisualStudioVersion = 10.0.40219.1
Project("{9A19103F-16F7-4668-BE54-9A1E7A4F7556}") = "classesAtributosInstancias", "classesAtributosInstancias\classesAtributosInstancias.csproj", "{42507CC0-91BB-4710-8DEE-41FEC87E681D}"
EndProject
Project("{9A19103F-16F7-4668-BE54-9A1E7A4F7556}") = "classesAtributosObjetosExemplo02", "classesAtributosObjetosExemplo02\classesAtributosObjetosExemplo02.csproj", "{1A618923-FA26-4FB0-9E06-BF7B5771178C}"
EndProject
Project("{9A19103F-16F7-4668-BE54-9A1E7A4F7556}") = "classesAtributosObjetosExemplo01", "classesAtributosObjetosExemplo01\classesAtributosObjetosExemplo01.csproj", "{8387FE07-4312-4210-BF55-2F1BF439E5F8}"
EndProject
Project("{9A19103F-16F7-4668-BE54-9A1E7A4F7556}") = "classesAtributosObjetosExemploEstoque", "classesAtributosObjetosExemploEstoque\classesAtributosObjetosExemploEstoque.csproj", "{0A8ED9AF-C47F-4ECD-BAE1-4C8EF3A6E6F6}"
EndProject
Project("{9A19103F-16F7-4668-BE54-9A1E7A4F7556}") = "classesAtributosObjetosExercicioFixacao01", "classesAtributosObjetosExercicioFixacao01\classesAtributosObjetosExercicioFixacao01.csproj", "{B3E2046F-4004-4073-8CB4-AF648E568918}"
EndProject
Project("{9A19103F-16F7-4668-BE54-9A1E7A4F7556}") = "classesAtributosObjetosExercicioFixacao02", "classesAtributosObjetosExercicioFixacao02\classesAtributosObjetosExercicioFixacao02.csproj", "{0AB1AC8E-1CAE-4548-BEDA-4229C70ECA0B}"
EndProject
Project("{9A19103F-16F7-4668-BE54-9A1E7A4F7556}") = "classesAtributosObjetosExercicioFixacao03", "classesAtributosObjetosExercicioFixacao03\classesAtributosObjetosExercicioFixacao03.csproj", "{56487E7A-7C39-4F9D-B2A8-E54CC77610D8}"
EndProject
Project("{9A19103F-16F7-4668-BE54-9A1E7A4F7556}") = "classesAtributosObjetosExercicioFixacao04", "classesAtributosObjetosExercicioFixacao04\classesAtributosObjetosExercicioFixacao04.csproj", "{720DD324-0760-4762-AACC-A5802C65D702}"
EndProject
Project("{9A19103F-16F7-4668-BE54-9A1E7A4F7556}") = "secao5ConstrutoresPalavraThisSobrecargaEncapsulamentoExercicio01", "secao5ConstrutoresPalavraThisSobrecargaEncapsulamentoExercicio01\secao5ConstrutoresPalavraThisSobrecargaEncapsulamentoExercicio01.csproj", "{2F4BF6B6-5D5D-475F-9CB3-05E887CD2681}"
EndProject
Project("{9A19103F-16F7-4668-BE54-9A1E7A4F7556}") = "Seção_6ArrayListas", "Seção_6ArrayListas\Seção_6ArrayListas.csproj", "{45CB431C-1283-4A92-B7D0-864E137C7632}"
EndProject
Project("{9A19103F-16F7-4668-BE54-9A1E7A4F7556}") = "Seção_6ArrayListasExempo2", "Seção_6ArrayListasExempo2\Seção_6ArrayListasExempo2.csproj", "{976E283A-E169-48C9-A8D4-BADFDC71E976}"
EndProject
Project("{9A19103F-16F7-4668-BE54-9A1E7A4F7556}") = "Seção_6ArrayListasExercicio01", "Seção_6ArrayListasExercicio01\Seção_6ArrayListasExercicio01.csproj", "{4B266C85-C49A-461F-B792-2F5D3FFF3F01}"
EndProject
Project("{FAE04EC0-301F-11D3-BF4B-00C04F79EFBC}") = "Secao_6ListasExercicioFixacao", "Secao_6ListasExercicioFixacao\Secao_6ListasExercicioFixacao.csproj", "{F7963EAD-4B63-4FD5-BE1D-C5EFFD5DB55B}"
EndProject
Project("{FAE04EC0-301F-11D3-BF4B-00C04F79EFBC}") = "Secao_6MatrizExemplo", "Secao_6MatrizExemplo\Secao_6MatrizExemplo.csproj", "{F2977DF3-8AA2-4D82-8DA3-35AF55848DAE}"
EndProject
Global
	GlobalSection(SolutionConfigurationPlatforms) = preSolution
		Debug|Any CPU = Debug|Any CPU
		Release|Any CPU = Release|Any CPU
	EndGlobalSection
	GlobalSection(ProjectConfigurationPlatforms) = postSolution
		{42507CC0-91BB-4710-8DEE-41FEC87E681D}.Debug|Any CPU.ActiveCfg = Debug|Any CPU
		{42507CC0-91BB-4710-8DEE-41FEC87E681D}.Debug|Any CPU.Build.0 = Debug|Any CPU
		{42507CC0-91BB-4710-8DEE-41FEC87E681D}.Release|Any CPU.ActiveCfg = Release|Any CPU
		{42507CC0-91BB-4710-8DEE-41FEC87E681D}.Release|Any CPU.Build.0 = Release|Any CPU
		{1A618923-FA26-4FB0-9E06-BF7B5771178C}.Debug|Any CPU.ActiveCfg = Debug|Any CPU
		{1A618923-FA26-4FB0-9E06-BF7B5771178C}.Debug|Any CPU.Build.0 = Debug|Any CPU
		{1A618923-FA26-4FB0-9E06-BF7B5771178C}.Release|Any CPU.ActiveCfg = Release|Any CPU
		{1A618923-FA26-4FB0-9E06-BF7B5771178C}.Release|Any CPU.Build.0 = Release|Any CPU
		{8387FE07-4312-4210-BF55-2F1BF439E5F8}.Debug|Any CPU.ActiveCfg = Debug|Any CPU
		{8387FE07-4312-4210-BF55-2F1BF439E5F8}.Debug|Any CPU.Build.0 = Debug|Any CPU
		{8387FE07-4312-4210-BF55-2F1BF439E5F8}.Release|Any CPU.ActiveCfg = Release|Any CPU
		{8387FE07-4312-4210-BF55-2F1BF439E5F8}.Release|Any CPU.Build.0 = Release|Any CPU
		{0A8ED9AF-C47F-4ECD-BAE1-4C8EF3A6E6F6}.Debug|Any CPU.ActiveCfg = Debug|Any CPU
		{0A8ED9AF-C47F-4ECD-BAE1-4C8EF3A6E6F6}.Debug|Any CPU.Build.0 = Debug|Any CPU
		{0A8ED9AF-C47F-4ECD-BAE1-4C8EF3A6E6F6}.Release|Any CPU.ActiveCfg = Release|Any CPU
		{0A8ED9AF-C47F-4ECD-BAE1-4C8EF3A6E6F6}.Release|Any CPU.Build.0 = Release|Any CPU
		{B3E2046F-4004-4073-8CB4-AF648E568918}.Debug|Any CPU.ActiveCfg = Debug|Any CPU
		{B3E2046F-4004-4073-8CB4-AF648E568918}.Debug|Any CPU.Build.0 = Debug|Any CPU
		{B3E2046F-4004-4073-8CB4-AF648E568918}.Release|Any CPU.ActiveCfg = Release|Any CPU
		{B3E2046F-4004-4073-8CB4-AF648E568918}.Release|Any CPU.Build.0 = Release|Any CPU
		{0AB1AC8E-1CAE-4548-BEDA-4229C70ECA0B}.Debug|Any CPU.ActiveCfg = Debug|Any CPU
		{0AB1AC8E-1CAE-4548-BEDA-4229C70ECA0B}.Debug|Any CPU.Build.0 = Debug|Any CPU
		{0AB1AC8E-1CAE-4548-BEDA-4229C70ECA0B}.Release|Any CPU.ActiveCfg = Release|Any CPU
		{0AB1AC8E-1CAE-4548-BEDA-4229C70ECA0B}.Release|Any CPU.Build.0 = Release|Any CPU
		{56487E7A-7C39-4F9D-B2A8-E54CC77610D8}.Debug|Any CPU.ActiveCfg = Debug|Any CPU
		{56487E7A-7C39-4F9D-B2A8-E54CC77610D8}.Debug|Any CPU.Build.0 = Debug|Any CPU
		{56487E7A-7C39-4F9D-B2A8-E54CC77610D8}.Release|Any CPU.ActiveCfg = Release|Any CPU
		{56487E7A-7C39-4F9D-B2A8-E54CC77610D8}.Release|Any CPU.Build.0 = Release|Any CPU
		{720DD324-0760-4762-AACC-A5802C65D702}.Debug|Any CPU.ActiveCfg = Debug|Any CPU
		{720DD324-0760-4762-AACC-A5802C65D702}.Debug|Any CPU.Build.0 = Debug|Any CPU
		{720DD324-0760-4762-AACC-A5802C65D702}.Release|Any CPU.ActiveCfg = Release|Any CPU
		{720DD324-0760-4762-AACC-A5802C65D702}.Release|Any CPU.Build.0 = Release|Any CPU
		{2F4BF6B6-5D5D-475F-9CB3-05E887CD2681}.Debug|Any CPU.ActiveCfg = Debug|Any CPU
		{2F4BF6B6-5D5D-475F-9CB3-05E887CD2681}.Debug|Any CPU.Build.0 = Debug|Any CPU
		{2F4BF6B6-5D5D-475F-9CB3-05E887CD2681}.Release|Any CPU.ActiveCfg = Release|Any CPU
		{2F4BF6B6-5D5D-475F-9CB3-05E887CD2681}.Release|Any CPU.Build.0 = Release|Any CPU
		{45CB431C-1283-4A92-B7D0-864E137C7632}.Debug|Any CPU.ActiveCfg = Debug|Any CPU
		{45CB431C-1283-4A92-B7D0-864E137C7632}.Debug|Any CPU.Build.0 = Debug|Any CPU
		{45CB431C-1283-4A92-B7D0-864E137C7632}.Release|Any CPU.ActiveCfg = Release|Any CPU
		{45CB431C-1283-4A92-B7D0-864E137C7632}.Release|Any CPU.Build.0 = Release|Any CPU
		{976E283A-E169-48C9-A8D4-BADFDC71E976}.Debug|Any CPU.ActiveCfg = Debug|Any CPU
		{976E283A-E169-48C9-A8D4-BADFDC71E976}.Debug|Any CPU.Build.0 = Debug|Any CPU
		{976E283A-E169-48C9-A8D4-BADFDC71E976}.Release|Any CPU.ActiveCfg = Release|Any CPU
		{976E283A-E169-48C9-A8D4-BADFDC71E976}.Release|Any CPU.Build.0 = Release|Any CPU
		{4B266C85-C49A-461F-B792-2F5D3FFF3F01}.Debug|Any CPU.ActiveCfg = Debug|Any CPU
		{4B266C85-C49A-461F-B792-2F5D3FFF3F01}.Debug|Any CPU.Build.0 = Debug|Any CPU
		{4B266C85-C49A-461F-B792-2F5D3FFF3F01}.Release|Any CPU.ActiveCfg = Release|Any CPU
		{4B266C85-C49A-461F-B792-2F5D3FFF3F01}.Release|Any CPU.Build.0 = Release|Any CPU
		{F7963EAD-4B63-4FD5-BE1D-C5EFFD5DB55B}.Debug|Any CPU.ActiveCfg = Debug|Any CPU
		{F7963EAD-4B63-4FD5-BE1D-C5EFFD5DB55B}.Debug|Any CPU.Build.0 = Debug|Any CPU
		{F7963EAD-4B63-4FD5-BE1D-C5EFFD5DB55B}.Release|Any CPU.ActiveCfg = Release|Any CPU
		{F7963EAD-4B63-4FD5-BE1D-C5EFFD5DB55B}.Release|Any CPU.Build.0 = Release|Any CPU
		{F2977DF3-8AA2-4D82-8DA3-35AF55848DAE}.Debug|Any CPU.ActiveCfg = Debug|Any CPU
		{F2977DF3-8AA2-4D82-8DA3-35AF55848DAE}.Debug|Any CPU.Build.0 = Debug|Any CPU
		{F2977DF3-8AA2-4D82-8DA3-35AF55848DAE}.Release|Any CPU.ActiveCfg = Release|Any CPU
		{F2977DF3-8AA2-4D82-8DA3-35AF55848DAE}.Release|Any CPU.Build.0 = Release|Any CPU
	EndGlobalSection
	GlobalSection(SolutionProperties) = preSolution
		HideSolutionNode = FALSE
	EndGlobalSection
	GlobalSection(ExtensibilityGlobals) = postSolution
		SolutionGuid = {FF575FAA-5F75-4AA3-A44F-25C423C59396}
	EndGlobalSection
EndGlobal
